
Microsoft Visual Studio Solution File, Format Version 12.00
Project("{FAE04EC0-301F-11D3-BF4B-00C04F79EFBC}") = "Cwiczenia11", "Cwiczenia11\Cwiczenia11.csproj", "{B7389D34-55C8-410E-AD3F-215A0E2A1908}"
EndProject
Global
	GlobalSection(SolutionConfigurationPlatforms) = preSolution
		Debug|Any CPU = Debug|Any CPU
		Release|Any CPU = Release|Any CPU
	EndGlobalSection
	GlobalSection(ProjectConfigurationPlatforms) = postSolution
		{B7389D34-55C8-410E-AD3F-215A0E2A1908}.Debug|Any CPU.ActiveCfg = Debug|Any CPU
		{B7389D34-55C8-410E-AD3F-215A0E2A1908}.Debug|Any CPU.Build.0 = Debug|Any CPU
		{B7389D34-55C8-410E-AD3F-215A0E2A1908}.Release|Any CPU.ActiveCfg = Release|Any CPU
		{B7389D34-55C8-410E-AD3F-215A0E2A1908}.Release|Any CPU.Build.0 = Release|Any CPU
	EndGlobalSection
EndGlobal
